{
    "version": 3,
    "terraform_version": "0.11.13",
    "serial": 15,
    "lineage": "6d053a84-ca0a-7221-bfae-84c69a0ee9f6",
    "modules": [
        {
            "path": [
                "root"
            ],
            "outputs": {},
            "resources": {
                "aws_db_instance.appserver": {
                    "type": "aws_db_instance",
                    "depends_on": [
                        "random_string.mariadb_password"
                    ],
                    "primary": {
                        "id": "terraform-20190328193733132600000001",
                        "attributes": {
                            "address": "terraform-20190328193733132600000001.csraunnunioa.us-east-1.rds.amazonaws.com",
                            "allocated_storage": "100",
                            "arn": "arn:aws:rds:us-east-1:005956675899:db:terraform-20190328193733132600000001",
                            "auto_minor_version_upgrade": "true",
                            "availability_zone": "us-east-1c",
                            "backup_retention_period": "0",
                            "backup_window": "05:20-05:50",
                            "ca_cert_identifier": "rds-ca-2015",
                            "copy_tags_to_snapshot": "false",
                            "db_subnet_group_name": "default",
                            "deletion_protection": "false",
                            "domain": "",
                            "domain_iam_role_name": "",
                            "enabled_cloudwatch_logs_exports.#": "0",
                            "endpoint": "terraform-20190328193733132600000001.csraunnunioa.us-east-1.rds.amazonaws.com:3306",
                            "engine": "mariadb",
                            "engine_version": "10.2.21",
                            "hosted_zone_id": "Z2R2ITUGPM61AM",
                            "iam_database_authentication_enabled": "false",
                            "id": "terraform-20190328193733132600000001",
                            "identifier": "terraform-20190328193733132600000001",
                            "instance_class": "db.t2.small",
                            "iops": "1000",
                            "kms_key_id": "",
                            "license_model": "general-public-license",
                            "maintenance_window": "tue:08:48-tue:09:18",
                            "monitoring_interval": "0",
                            "multi_az": "false",
                            "name": "",
                            "option_group_name": "default:mariadb-10-2",
                            "parameter_group_name": "default.mariadb10.2",
                            "password": "4oOQbgZoaTfmZenX",
                            "port": "3306",
                            "publicly_accessible": "false",
                            "replicas.#": "0",
                            "replicate_source_db": "",
                            "resource_id": "db-JGCLJ2VNCGMXX27SGUUFGDDLJU",
                            "security_group_names.#": "0",
                            "skip_final_snapshot": "false",
                            "status": "deleting",
                            "storage_encrypted": "false",
                            "storage_type": "io1",
                            "tags.%": "0",
                            "timezone": "",
                            "username": "rmap",
                            "vpc_security_group_ids.#": "1",
                            "vpc_security_group_ids.3062954006": "sg-7ef9730d"
                        },
                        "meta": {
                            "e2bfb730-ecaa-11e6-8f88-34363bc7c4c0": {
                                "create": 2400000000000,
                                "delete": 2400000000000,
                                "update": 4800000000000
                            }
                        },
                        "tainted": true
                    },
                    "deposed": [],
                    "provider": "provider.aws"
                },
                "aws_security_group.mariadb": {
                    "type": "aws_security_group",
                    "depends_on": [
                        "data.terraform_remote_state.shared"
                    ],
                    "primary": {
                        "id": "sg-0d387df8ccc962032",
                        "attributes": {
                            "arn": "arn:aws:ec2:us-east-1:005956675899:security-group/sg-0d387df8ccc962032",
                            "description": "MariaDB SecurityGroup for rmap-ops",
                            "egress.#": "0",
                            "id": "sg-0d387df8ccc962032",
                            "ingress.#": "1",
                            "ingress.3370134516.cidr_blocks.#": "0",
                            "ingress.3370134516.description": "",
                            "ingress.3370134516.from_port": "3306",
                            "ingress.3370134516.ipv6_cidr_blocks.#": "0",
                            "ingress.3370134516.prefix_list_ids.#": "0",
                            "ingress.3370134516.protocol": "tcp",
                            "ingress.3370134516.security_groups.#": "1",
                            "ingress.3370134516.security_groups.397085316": "sg-08d1b3f2f2de198b2",
                            "ingress.3370134516.self": "false",
                            "ingress.3370134516.to_port": "3306",
                            "name": "rmap_ops_mariadb",
                            "owner_id": "005956675899",
                            "revoke_rules_on_delete": "false",
                            "tags.%": "0",
                            "vpc_id": "vpc-0ab85616dd2171853"
                        },
                        "meta": {
                            "e2bfb730-ecaa-11e6-8f88-34363bc7c4c0": {
                                "create": 600000000000,
                                "delete": 600000000000
                            },
                            "schema_version": "1"
                        },
                        "tainted": false
                    },
                    "deposed": [],
                    "provider": "provider.aws"
                },
                "data.terraform_remote_state.shared": {
                    "type": "terraform_remote_state",
                    "depends_on": [],
                    "primary": {
                        "id": "2019-03-28 19:51:08.400734 +0000 UTC",
                        "attributes": {
                            "backend": "s3",
                            "config.#": "1",
                            "config.407102344.bucket": "msel-ops-terraform-statefiles",
                            "config.407102344.key": "applications/rmap-shared",
                            "config.407102344.profile": "jhuadmin",
                            "config.407102344.region": "us-east-1",
                            "environment": "default",
                            "id": "2019-03-28 19:51:08.400734 +0000 UTC",
                            "nat_route_table": "rtb-03a490d99e37c8996",
                            "ops_security_group": "sg-08d1b3f2f2de198b2",
                            "vpc_id": "vpc-0ab85616dd2171853",
                            "workspace": "default"
                        },
                        "meta": {},
                        "tainted": false
                    },
                    "deposed": [],
                    "provider": "provider.terraform"
                },
                "random_string.mariadb_password": {
                    "type": "random_string",
                    "depends_on": [],
                    "primary": {
                        "id": "none",
                        "attributes": {
                            "id": "none",
                            "length": "16",
                            "lower": "true",
                            "min_lower": "0",
                            "min_numeric": "0",
                            "min_special": "0",
                            "min_upper": "0",
                            "number": "true",
                            "result": "4oOQbgZoaTfmZenX",
                            "special": "false",
                            "upper": "true"
                        },
                        "meta": {
                            "schema_version": "1"
                        },
                        "tainted": false
                    },
                    "deposed": [],
                    "provider": "provider.random"
                }
            },
            "depends_on": []
        }
    ]
}
